
Microsoft Visual Studio Solution File, Format Version 11.00
# Visual Studio 2010
Project("{8BC9CEB8-8B4A-11D0-8D11-00A0C91BC942}") = "testWindow2", "testWindow2.vcxproj", "{644A675C-D58C-4884-93B4-6136DACC2697}"
EndProject
Global
	GlobalSection(SolutionConfigurationPlatforms) = preSolution
		Debug|Win32 = Debug|Win32
		Release|Win32 = Release|Win32
	EndGlobalSection
	GlobalSection(ProjectConfigurationPlatforms) = postSolution
		{644A675C-D58C-4884-93B4-6136DACC2697}.Debug|Win32.ActiveCfg = Release|Win32
		{644A675C-D58C-4884-93B4-6136DACC2697}.Debug|Win32.Build.0 = Release|Win32
		{644A675C-D58C-4884-93B4-6136DACC2697}.Release|Win32.ActiveCfg = Release|Win32
		{644A675C-D58C-4884-93B4-6136DACC2697}.Release|Win32.Build.0 = Release|Win32
	EndGlobalSection
	GlobalSection(SolutionProperties) = preSolution
		HideSolutionNode = FALSE
	EndGlobalSection
EndGlobal
